// !$*UTF8*$!
{
	archiveVersion = 1;
	classes = {
	};
	objectVersion = 56;
	objects = {

/* Begin PBXBuildFile section */
		981501592BB0164A00CEE698 /* AppDelegate.swift in Sources */ = {isa = PBXBuildFile; fileRef = 981501582BB0164A00CEE698 /* AppDelegate.swift */; };
		9815015B2BB0164A00CEE698 /* SceneDelegate.swift in Sources */ = {isa = PBXBuildFile; fileRef = 9815015A2BB0164A00CEE698 /* SceneDelegate.swift */; };
		9815015D2BB0164A00CEE698 /* TodoListViewController.swift in Sources */ = {isa = PBXBuildFile; fileRef = 9815015C2BB0164A00CEE698 /* TodoListViewController.swift */; };
		981501632BB0164A00CEE698 /* TodoList.xcdatamodeld in Sources */ = {isa = PBXBuildFile; fileRef = 981501612BB0164A00CEE698 /* TodoList.xcdatamodeld */; };
		981501652BB0164B00CEE698 /* Assets.xcassets in Resources */ = {isa = PBXBuildFile; fileRef = 981501642BB0164B00CEE698 /* Assets.xcassets */; };
		981501682BB0164B00CEE698 /* LaunchScreen.storyboard in Resources */ = {isa = PBXBuildFile; fileRef = 981501662BB0164B00CEE698 /* LaunchScreen.storyboard */; };
		98AC191B2BB1D76900A652A0 /* Task.swift in Sources */ = {isa = PBXBuildFile; fileRef = 98AC191A2BB1D76900A652A0 /* Task.swift */; };
		98AC191E2BB436AB00A652A0 /* UIView+Extension.swift in Sources */ = {isa = PBXBuildFile; fileRef = 98AC191D2BB436AB00A652A0 /* UIView+Extension.swift */; };
		98AC19202BB443F200A652A0 /* Constants.swift in Sources */ = {isa = PBXBuildFile; fileRef = 98AC191F2BB443F200A652A0 /* Constants.swift */; };
		98AC19232BB44D2600A652A0 /* TaskTableViewCell.swift in Sources */ = {isa = PBXBuildFile; fileRef = 98AC19222BB44D2600A652A0 /* TaskTableViewCell.swift */; };
		98AC19252BB46D5C00A652A0 /* TaskTableViewCell+View.swift in Sources */ = {isa = PBXBuildFile; fileRef = 98AC19242BB46D5C00A652A0 /* TaskTableViewCell+View.swift */; };
/* End PBXBuildFile section */

/* Begin PBXFileReference section */
		981501552BB0164A00CEE698 /* TodoList.app */ = {isa = PBXFileReference; explicitFileType = wrapper.application; includeInIndex = 0; path = TodoList.app; sourceTree = BUILT_PRODUCTS_DIR; };
		981501582BB0164A00CEE698 /* AppDelegate.swift */ = {isa = PBXFileReference; lastKnownFileType = sourcecode.swift; path = AppDelegate.swift; sourceTree = "<group>"; };
		9815015A2BB0164A00CEE698 /* SceneDelegate.swift */ = {isa = PBXFileReference; lastKnownFileType = sourcecode.swift; path = SceneDelegate.swift; sourceTree = "<group>"; };
		9815015C2BB0164A00CEE698 /* TodoListViewController.swift */ = {isa = PBXFileReference; lastKnownFileType = sourcecode.swift; path = TodoListViewController.swift; sourceTree = "<group>"; };
		981501622BB0164A00CEE698 /* TodoList.xcdatamodel */ = {isa = PBXFileReference; lastKnownFileType = wrapper.xcdatamodel; path = TodoList.xcdatamodel; sourceTree = "<group>"; };
		981501642BB0164B00CEE698 /* Assets.xcassets */ = {isa = PBXFileReference; lastKnownFileType = folder.assetcatalog; path = Assets.xcassets; sourceTree = "<group>"; };
		981501672BB0164B00CEE698 /* Base */ = {isa = PBXFileReference; lastKnownFileType = file.storyboard; name = Base; path = Base.lproj/LaunchScreen.storyboard; sourceTree = "<group>"; };
		981501692BB0164B00CEE698 /* Info.plist */ = {isa = PBXFileReference; lastKnownFileType = text.plist.xml; path = Info.plist; sourceTree = "<group>"; };
		98AC191A2BB1D76900A652A0 /* Task.swift */ = {isa = PBXFileReference; lastKnownFileType = sourcecode.swift; path = Task.swift; sourceTree = "<group>"; };
		98AC191D2BB436AB00A652A0 /* UIView+Extension.swift */ = {isa = PBXFileReference; lastKnownFileType = sourcecode.swift; path = "UIView+Extension.swift"; sourceTree = "<group>"; };
		98AC191F2BB443F200A652A0 /* Constants.swift */ = {isa = PBXFileReference; lastKnownFileType = sourcecode.swift; path = Constants.swift; sourceTree = "<group>"; };
		98AC19222BB44D2600A652A0 /* TaskTableViewCell.swift */ = {isa = PBXFileReference; lastKnownFileType = sourcecode.swift; path = TaskTableViewCell.swift; sourceTree = "<group>"; };
		98AC19242BB46D5C00A652A0 /* TaskTableViewCell+View.swift */ = {isa = PBXFileReference; lastKnownFileType = sourcecode.swift; path = "TaskTableViewCell+View.swift"; sourceTree = "<group>"; };
/* End PBXFileReference section */

/* Begin PBXFrameworksBuildPhase section */
		981501522BB0164A00CEE698 /* Frameworks */ = {
			isa = PBXFrameworksBuildPhase;
			buildActionMask = 2147483647;
			files = (
			);
			runOnlyForDeploymentPostprocessing = 0;
		};
/* End PBXFrameworksBuildPhase section */

/* Begin PBXGroup section */
		9815014C2BB0164A00CEE698 = {
			isa = PBXGroup;
			children = (
				981501572BB0164A00CEE698 /* TodoList */,
				981501562BB0164A00CEE698 /* Products */,
			);
			sourceTree = "<group>";
		};
		981501562BB0164A00CEE698 /* Products */ = {
			isa = PBXGroup;
			children = (
				981501552BB0164A00CEE698 /* TodoList.app */,
			);
			name = Products;
			sourceTree = "<group>";
		};
		981501572BB0164A00CEE698 /* TodoList */ = {
			isa = PBXGroup;
			children = (
				98AC19162BB1D72C00A652A0 /* Model */,
				98AC19172BB1D73200A652A0 /* View */,
				98AC19182BB1D73500A652A0 /* Controller */,
				98AC19192BB1D74700A652A0 /* SupportingFiles */,
				981501642BB0164B00CEE698 /* Assets.xcassets */,
				981501692BB0164B00CEE698 /* Info.plist */,
				981501612BB0164A00CEE698 /* TodoList.xcdatamodeld */,
			);
			path = TodoList;
			sourceTree = "<group>";
		};
		98AC19162BB1D72C00A652A0 /* Model */ = {
			isa = PBXGroup;
			children = (
				98AC191A2BB1D76900A652A0 /* Task.swift */,
			);
			path = Model;
			sourceTree = "<group>";
		};
		98AC19172BB1D73200A652A0 /* View */ = {
			isa = PBXGroup;
			children = (
				98AC191F2BB443F200A652A0 /* Constants.swift */,
				98AC191C2BB4369F00A652A0 /* Extension */,
				981501662BB0164B00CEE698 /* LaunchScreen.storyboard */,
				98AC19262BB46DA200A652A0 /* TablleViewCell */,
			);
			path = View;
			sourceTree = "<group>";
		};
		98AC19182BB1D73500A652A0 /* Controller */ = {
			isa = PBXGroup;
			children = (
				9815015C2BB0164A00CEE698 /* TodoListViewController.swift */,
			);
			path = Controller;
			sourceTree = "<group>";
		};
		98AC19192BB1D74700A652A0 /* SupportingFiles */ = {
			isa = PBXGroup;
			children = (
				981501582BB0164A00CEE698 /* AppDelegate.swift */,
				9815015A2BB0164A00CEE698 /* SceneDelegate.swift */,
			);
			path = SupportingFiles;
			sourceTree = "<group>";
		};
		98AC191C2BB4369F00A652A0 /* Extension */ = {
			isa = PBXGroup;
			children = (
				98AC191D2BB436AB00A652A0 /* UIView+Extension.swift */,
			);
			path = Extension;
			sourceTree = "<group>";
		};
		98AC19262BB46DA200A652A0 /* TablleViewCell */ = {
			isa = PBXGroup;
			children = (
				98AC19222BB44D2600A652A0 /* TaskTableViewCell.swift */,
				98AC19242BB46D5C00A652A0 /* TaskTableViewCell+View.swift */,
			);
			path = TablleViewCell;
			sourceTree = "<group>";
		};
/* End PBXGroup section */

/* Begin PBXNativeTarget section */
		981501542BB0164A00CEE698 /* TodoList */ = {
			isa = PBXNativeTarget;
			buildConfigurationList = 9815016C2BB0164B00CEE698 /* Build configuration list for PBXNativeTarget "TodoList" */;
			buildPhases = (
				981501512BB0164A00CEE698 /* Sources */,
				981501522BB0164A00CEE698 /* Frameworks */,
				981501532BB0164A00CEE698 /* Resources */,
			);
			buildRules = (
			);
			dependencies = (
			);
			name = TodoList;
			productName = TodoList;
			productReference = 981501552BB0164A00CEE698 /* TodoList.app */;
			productType = "com.apple.product-type.application";
		};
/* End PBXNativeTarget section */

/* Begin PBXProject section */
		9815014D2BB0164A00CEE698 /* Project object */ = {
			isa = PBXProject;
			attributes = {
				BuildIndependentTargetsInParallel = 1;
				LastSwiftUpdateCheck = 1510;
				LastUpgradeCheck = 1510;
				TargetAttributes = {
					981501542BB0164A00CEE698 = {
						CreatedOnToolsVersion = 15.1;
					};
				};
			};
			buildConfigurationList = 981501502BB0164A00CEE698 /* Build configuration list for PBXProject "TodoList" */;
			compatibilityVersion = "Xcode 14.0";
			developmentRegion = en;
			hasScannedForEncodings = 0;
			knownRegions = (
				en,
				Base,
			);
			mainGroup = 9815014C2BB0164A00CEE698;
			productRefGroup = 981501562BB0164A00CEE698 /* Products */;
			projectDirPath = "";
			projectRoot = "";
			targets = (
				981501542BB0164A00CEE698 /* TodoList */,
			);
		};
/* End PBXProject section */

/* Begin PBXResourcesBuildPhase section */
		981501532BB0164A00CEE698 /* Resources */ = {
			isa = PBXResourcesBuildPhase;
			buildActionMask = 2147483647;
			files = (
				981501682BB0164B00CEE698 /* LaunchScreen.storyboard in Resources */,
				981501652BB0164B00CEE698 /* Assets.xcassets in Resources */,
			);
			runOnlyForDeploymentPostprocessing = 0;
		};
/* End PBXResourcesBuildPhase section */

/* Begin PBXSourcesBuildPhase section */
		981501512BB0164A00CEE698 /* Sources */ = {
			isa = PBXSourcesBuildPhase;
			buildActionMask = 2147483647;
			files = (
				98AC19232BB44D2600A652A0 /* TaskTableViewCell.swift in Sources */,
				98AC191E2BB436AB00A652A0 /* UIView+Extension.swift in Sources */,
				9815015D2BB0164A00CEE698 /* TodoListViewController.swift in Sources */,
				981501592BB0164A00CEE698 /* AppDelegate.swift in Sources */,
				98AC191B2BB1D76900A652A0 /* Task.swift in Sources */,
				98AC19202BB443F200A652A0 /* Constants.swift in Sources */,
				9815015B2BB0164A00CEE698 /* SceneDelegate.swift in Sources */,
				98AC19252BB46D5C00A652A0 /* TaskTableViewCell+View.swift in Sources */,
				981501632BB0164A00CEE698 /* TodoList.xcdatamodeld in Sources */,
			);
			runOnlyForDeploymentPostprocessing = 0;
		};
/* End PBXSourcesBuildPhase section */

/* Begin PBXVariantGroup section */
		981501662BB0164B00CEE698 /* LaunchScreen.storyboard */ = {
			isa = PBXVariantGroup;
			children = (
				981501672BB0164B00CEE698 /* Base */,
			);
			name = LaunchScreen.storyboard;
			sourceTree = "<group>";
		};
/* End PBXVariantGroup section */

/* Begin XCBuildConfiguration section */
		9815016A2BB0164B00CEE698 /* Debug */ = {
			isa = XCBuildConfiguration;
			buildSettings = {
				ALWAYS_SEARCH_USER_PATHS = NO;
				ASSETCATALOG_COMPILER_GENERATE_SWIFT_ASSET_SYMBOL_EXTENSIONS = YES;
				CLANG_ANALYZER_NONNULL = YES;
				CLANG_ANALYZER_NUMBER_OBJECT_CONVERSION = YES_AGGRESSIVE;
				CLANG_CXX_LANGUAGE_STANDARD = "gnu++20";
				CLANG_ENABLE_MODULES = YES;
				CLANG_ENABLE_OBJC_ARC = YES;
				CLANG_ENABLE_OBJC_WEAK = YES;
				CLANG_WARN_BLOCK_CAPTURE_AUTORELEASING = YES;
				CLANG_WARN_BOOL_CONVERSION = YES;
				CLANG_WARN_COMMA = YES;
				CLANG_WARN_CONSTANT_CONVERSION = YES;
				CLANG_WARN_DEPRECATED_OBJC_IMPLEMENTATIONS = YES;
				CLANG_WARN_DIRECT_OBJC_ISA_USAGE = YES_ERROR;
				CLANG_WARN_DOCUMENTATION_COMMENTS = YES;
				CLANG_WARN_EMPTY_BODY = YES;
				CLANG_WARN_ENUM_CONVERSION = YES;
				CLANG_WARN_INFINITE_RECURSION = YES;
				CLANG_WARN_INT_CONVERSION = YES;
				CLANG_WARN_NON_LITERAL_NULL_CONVERSION = YES;
				CLANG_WARN_OBJC_IMPLICIT_RETAIN_SELF = YES;
				CLANG_WARN_OBJC_LITERAL_CONVERSION = YES;
				CLANG_WARN_OBJC_ROOT_CLASS = YES_ERROR;
				CLANG_WARN_QUOTED_INCLUDE_IN_FRAMEWORK_HEADER = YES;
				CLANG_WARN_RANGE_LOOP_ANALYSIS = YES;
				CLANG_WARN_STRICT_PROTOTYPES = YES;
				CLANG_WARN_SUSPICIOUS_MOVE = YES;
				CLANG_WARN_UNGUARDED_AVAILABILITY = YES_AGGRESSIVE;
				CLANG_WARN_UNREACHABLE_CODE = YES;
				CLANG_WARN__DUPLICATE_METHOD_MATCH = YES;
				COPY_PHASE_STRIP = NO;
				DEBUG_INFORMATION_FORMAT = dwarf;
				ENABLE_STRICT_OBJC_MSGSEND = YES;
				ENABLE_TESTABILITY = YES;
				ENABLE_USER_SCRIPT_SANDBOXING = YES;
				GCC_C_LANGUAGE_STANDARD = gnu17;
				GCC_DYNAMIC_NO_PIC = NO;
				GCC_NO_COMMON_BLOCKS = YES;
				GCC_OPTIMIZATION_LEVEL = 0;
				GCC_PREPROCESSOR_DEFINITIONS = (
					"DEBUG=1",
					"$(inherited)",
				);
				GCC_WARN_64_TO_32_BIT_CONVERSION = YES;
				GCC_WARN_ABOUT_RETURN_TYPE = YES_ERROR;
				GCC_WARN_UNDECLARED_SELECTOR = YES;
				GCC_WARN_UNINITIALIZED_AUTOS = YES_AGGRESSIVE;
				GCC_WARN_UNUSED_FUNCTION = YES;
				GCC_WARN_UNUSED_VARIABLE = YES;
				IPHONEOS_DEPLOYMENT_TARGET = 17.2;
				LOCALIZATION_PREFERS_STRING_CATALOGS = YES;
				MTL_ENABLE_DEBUG_INFO = INCLUDE_SOURCE;
				MTL_FAST_MATH = YES;
				ONLY_ACTIVE_ARCH = YES;
				SDKROOT = iphoneos;
				SWIFT_ACTIVE_COMPILATION_CONDITIONS = "DEBUG $(inherited)";
				SWIFT_OPTIMIZATION_LEVEL = "-Onone";
			};
			name = Debug;
		};
		9815016B2BB0164B00CEE698 /* Release */ = {
			isa = XCBuildConfiguration;
			buildSettings = {
				ALWAYS_SEARCH_USER_PATHS = NO;
				ASSETCATALOG_COMPILER_GENERATE_SWIFT_ASSET_SYMBOL_EXTENSIONS = YES;
				CLANG_ANALYZER_NONNULL = YES;
				CLANG_ANALYZER_NUMBER_OBJECT_CONVERSION = YES_AGGRESSIVE;
				CLANG_CXX_LANGUAGE_STANDARD = "gnu++20";
				CLANG_ENABLE_MODULES = YES;
				CLANG_ENABLE_OBJC_ARC = YES;
				CLANG_ENABLE_OBJC_WEAK = YES;
				CLANG_WARN_BLOCK_CAPTURE_AUTORELEASING = YES;
				CLANG_WARN_BOOL_CONVERSION = YES;
				CLANG_WARN_COMMA = YES;
				CLANG_WARN_CONSTANT_CONVERSION = YES;
				CLANG_WARN_DEPRECATED_OBJC_IMPLEMENTATIONS = YES;
				CLANG_WARN_DIRECT_OBJC_ISA_USAGE = YES_ERROR;
				CLANG_WARN_DOCUMENTATION_COMMENTS = YES;
				CLANG_WARN_EMPTY_BODY = YES;
				CLANG_WARN_ENUM_CONVERSION = YES;
				CLANG_WARN_INFINITE_RECURSION = YES;
				CLANG_WARN_INT_CONVERSION = YES;
				CLANG_WARN_NON_LITERAL_NULL_CONVERSION = YES;
				CLANG_WARN_OBJC_IMPLICIT_RETAIN_SELF = YES;
				CLANG_WARN_OBJC_LITERAL_CONVERSION = YES;
				CLANG_WARN_OBJC_ROOT_CLASS = YES_ERROR;
				CLANG_WARN_QUOTED_INCLUDE_IN_FRAMEWORK_HEADER = YES;
				CLANG_WARN_RANGE_LOOP_ANALYSIS = YES;
				CLANG_WARN_STRICT_PROTOTYPES = YES;
				CLANG_WARN_SUSPICIOUS_MOVE = YES;
				CLANG_WARN_UNGUARDED_AVAILABILITY = YES_AGGRESSIVE;
				CLANG_WARN_UNREACHABLE_CODE = YES;
				CLANG_WARN__DUPLICATE_METHOD_MATCH = YES;
				COPY_PHASE_STRIP = NO;
				DEBUG_INFORMATION_FORMAT = "dwarf-with-dsym";
				ENABLE_NS_ASSERTIONS = NO;
				ENABLE_STRICT_OBJC_MSGSEND = YES;
				ENABLE_USER_SCRIPT_SANDBOXING = YES;
				GCC_C_LANGUAGE_STANDARD = gnu17;
				GCC_NO_COMMON_BLOCKS = YES;
				GCC_WARN_64_TO_32_BIT_CONVERSION = YES;
				GCC_WARN_ABOUT_RETURN_TYPE = YES_ERROR;
				GCC_WARN_UNDECLARED_SELECTOR = YES;
				GCC_WARN_UNINITIALIZED_AUTOS = YES_AGGRESSIVE;
				GCC_WARN_UNUSED_FUNCTION = YES;
				GCC_WARN_UNUSED_VARIABLE = YES;
				IPHONEOS_DEPLOYMENT_TARGET = 17.2;
				LOCALIZATION_PREFERS_STRING_CATALOGS = YES;
				MTL_ENABLE_DEBUG_INFO = NO;
				MTL_FAST_MATH = YES;
				SDKROOT = iphoneos;
				SWIFT_COMPILATION_MODE = wholemodule;
				VALIDATE_PRODUCT = YES;
			};
			name = Release;
		};
		9815016D2BB0164B00CEE698 /* Debug */ = {
			isa = XCBuildConfiguration;
			buildSettings = {
				ASSETCATALOG_COMPILER_APPICON_NAME = AppIcon;
				ASSETCATALOG_COMPILER_GLOBAL_ACCENT_COLOR_NAME = AccentColor;
				CODE_SIGN_STYLE = Automatic;
				CURRENT_PROJECT_VERSION = 1;
				DEVELOPMENT_TEAM = L3TGGN2NY9;
				GENERATE_INFOPLIST_FILE = YES;
				INFOPLIST_FILE = TodoList/Info.plist;
				INFOPLIST_KEY_UIApplicationSupportsIndirectInputEvents = YES;
				INFOPLIST_KEY_UILaunchStoryboardName = LaunchScreen;
				INFOPLIST_KEY_UISupportedInterfaceOrientations_iPad = "UIInterfaceOrientationPortrait UIInterfaceOrientationPortraitUpsideDown UIInterfaceOrientationLandscapeLeft UIInterfaceOrientationLandscapeRight";
				INFOPLIST_KEY_UISupportedInterfaceOrientations_iPhone = "UIInterfaceOrientationPortrait UIInterfaceOrientationLandscapeLeft UIInterfaceOrientationLandscapeRight";
				LD_RUNPATH_SEARCH_PATHS = (
					"$(inherited)",
					"@executable_path/Frameworks",
				);
				MARKETING_VERSION = 1.0;
				PRODUCT_BUNDLE_IDENTIFIER = com.carrascodelcid.TodoList;
				PRODUCT_NAME = "$(TARGET_NAME)";
				SWIFT_EMIT_LOC_STRINGS = YES;
				SWIFT_VERSION = 5.0;
				TARGETED_DEVICE_FAMILY = "1,2";
			};
			name = Debug;
		};
		9815016E2BB0164B00CEE698 /* Release */ = {
			isa = XCBuildConfiguration;
			buildSettings = {
				ASSETCATALOG_COMPILER_APPICON_NAME = AppIcon;
				ASSETCATALOG_COMPILER_GLOBAL_ACCENT_COLOR_NAME = AccentColor;
				CODE_SIGN_STYLE = Automatic;
				CURRENT_PROJECT_VERSION = 1;
				DEVELOPMENT_TEAM = L3TGGN2NY9;
				GENERATE_INFOPLIST_FILE = YES;
				INFOPLIST_FILE = TodoList/Info.plist;
				INFOPLIST_KEY_UIApplicationSupportsIndirectInputEvents = YES;
				INFOPLIST_KEY_UILaunchStoryboardName = LaunchScreen;
				INFOPLIST_KEY_UISupportedInterfaceOrientations_iPad = "UIInterfaceOrientationPortrait UIInterfaceOrientationPortraitUpsideDown UIInterfaceOrientationLandscapeLeft UIInterfaceOrientationLandscapeRight";
				INFOPLIST_KEY_UISupportedInterfaceOrientations_iPhone = "UIInterfaceOrientationPortrait UIInterfaceOrientationLandscapeLeft UIInterfaceOrientationLandscapeRight";
				LD_RUNPATH_SEARCH_PATHS = (
					"$(inherited)",
					"@executable_path/Frameworks",
				);
				MARKETING_VERSION = 1.0;
				PRODUCT_BUNDLE_IDENTIFIER = com.carrascodelcid.TodoList;
				PRODUCT_NAME = "$(TARGET_NAME)";
				SWIFT_EMIT_LOC_STRINGS = YES;
				SWIFT_VERSION = 5.0;
				TARGETED_DEVICE_FAMILY = "1,2";
			};
			name = Release;
		};
/* End XCBuildConfiguration section */

/* Begin XCConfigurationList section */
		981501502BB0164A00CEE698 /* Build configuration list for PBXProject "TodoList" */ = {
			isa = XCConfigurationList;
			buildConfigurations = (
				9815016A2BB0164B00CEE698 /* Debug */,
				9815016B2BB0164B00CEE698 /* Release */,
			);
			defaultConfigurationIsVisible = 0;
			defaultConfigurationName = Release;
		};
		9815016C2BB0164B00CEE698 /* Build configuration list for PBXNativeTarget "TodoList" */ = {
			isa = XCConfigurationList;
			buildConfigurations = (
				9815016D2BB0164B00CEE698 /* Debug */,
				9815016E2BB0164B00CEE698 /* Release */,
			);
			defaultConfigurationIsVisible = 0;
			defaultConfigurationName = Release;
		};
/* End XCConfigurationList section */

/* Begin XCVersionGroup section */
		981501612BB0164A00CEE698 /* TodoList.xcdatamodeld */ = {
			isa = XCVersionGroup;
			children = (
				981501622BB0164A00CEE698 /* TodoList.xcdatamodel */,
			);
			currentVersion = 981501622BB0164A00CEE698 /* TodoList.xcdatamodel */;
			path = TodoList.xcdatamodeld;
			sourceTree = "<group>";
			versionGroupType = wrapper.xcdatamodel;
		};
/* End XCVersionGroup section */
	};
	rootObject = 9815014D2BB0164A00CEE698 /* Project object */;
}
